
Microsoft Visual Studio Solution File, Format Version 12.00
# Visual Studio Version 16
VisualStudioVersion = 16.0.30114.105
MinimumVisualStudioVersion = 10.0.40219.1
Project("{FAE04EC0-301F-11D3-BF4B-00C04F79EFBC}") = "AspNetCoreHW1", "AspNetCoreHW1\AspNetCoreHW1.csproj", "{3CEF4100-B180-4469-AE97-29F2C3158712}"
EndProject
Global
	GlobalSection(SolutionConfigurationPlatforms) = preSolution
		Debug|Any CPU = Debug|Any CPU
		Release|Any CPU = Release|Any CPU
	EndGlobalSection
	GlobalSection(ProjectConfigurationPlatforms) = postSolution
		{3CEF4100-B180-4469-AE97-29F2C3158712}.Debug|Any CPU.ActiveCfg = Debug|Any CPU
		{3CEF4100-B180-4469-AE97-29F2C3158712}.Debug|Any CPU.Build.0 = Debug|Any CPU
		{3CEF4100-B180-4469-AE97-29F2C3158712}.Release|Any CPU.ActiveCfg = Release|Any CPU
		{3CEF4100-B180-4469-AE97-29F2C3158712}.Release|Any CPU.Build.0 = Release|Any CPU
	EndGlobalSection
	GlobalSection(SolutionProperties) = preSolution
		HideSolutionNode = FALSE
	EndGlobalSection
	GlobalSection(ExtensibilityGlobals) = postSolution
		SolutionGuid = {76D3FB94-2A89-4C72-85FE-70ECF7EAC7BA}
	EndGlobalSection
EndGlobal
